{
  "name": "bmpn-svg-decode",
  "version": "1.0.0",
  "lockfileVersion": 1,
  "requires": true,
  "dependencies": {
    "himalaya": {
      "version": "1.0.0",
      "resolved": "https://registry.npmjs.org/himalaya/-/himalaya-1.0.0.tgz",
      "integrity": "sha512-P1dIW/706m0Ot7obE30gd0OZgMdAD/kx/iHP8/dfk/QE6VVccaGaJC+ujfPKSCa/wLeLp908sdE1TEuEiBsd9g=="
    }
  }
}
